
Microsoft Visual Studio Solution File, Format Version 12.00
# Visual Studio 14
VisualStudioVersion = 14.0.24720.0
MinimumVisualStudioVersion = 10.0.40219.1
Project("{FAE04EC0-301F-11D3-BF4B-00C04F79EFBC}") = "MustKnow.NetV2", "MustKnow.NetV2\MustKnow.NetV2.csproj", "{2A2B25FA-6E6D-4B75-A8D1-68A37C0ACFD4}"
EndProject
Project("{FAE04EC0-301F-11D3-BF4B-00C04F79EFBC}") = "ClassLibrary", "ClassLibrary\ClassLibrary.csproj", "{C4C86A45-7910-48E2-9FD4-FA9ED6D7AE14}"
EndProject
Global
	GlobalSection(SolutionConfigurationPlatforms) = preSolution
		Debug|Any CPU = Debug|Any CPU
		Release|Any CPU = Release|Any CPU
	EndGlobalSection
	GlobalSection(ProjectConfigurationPlatforms) = postSolution
		{2A2B25FA-6E6D-4B75-A8D1-68A37C0ACFD4}.Debug|Any CPU.ActiveCfg = Debug|Any CPU
		{2A2B25FA-6E6D-4B75-A8D1-68A37C0ACFD4}.Debug|Any CPU.Build.0 = Debug|Any CPU
		{2A2B25FA-6E6D-4B75-A8D1-68A37C0ACFD4}.Release|Any CPU.ActiveCfg = Release|Any CPU
		{2A2B25FA-6E6D-4B75-A8D1-68A37C0ACFD4}.Release|Any CPU.Build.0 = Release|Any CPU
		{C4C86A45-7910-48E2-9FD4-FA9ED6D7AE14}.Debug|Any CPU.ActiveCfg = Debug|Any CPU
		{C4C86A45-7910-48E2-9FD4-FA9ED6D7AE14}.Debug|Any CPU.Build.0 = Debug|Any CPU
		{C4C86A45-7910-48E2-9FD4-FA9ED6D7AE14}.Release|Any CPU.ActiveCfg = Release|Any CPU
		{C4C86A45-7910-48E2-9FD4-FA9ED6D7AE14}.Release|Any CPU.Build.0 = Release|Any CPU
	EndGlobalSection
	GlobalSection(SolutionProperties) = preSolution
		HideSolutionNode = FALSE
	EndGlobalSection
EndGlobal
